
Microsoft Visual Studio Solution File, Format Version 12.00
# Visual Studio Version 17
VisualStudioVersion = 17.5.33502.453
MinimumVisualStudioVersion = 10.0.40219.1
Project("{2150E333-8FDC-42A3-9474-1A3956D46DE8}") = "Internal", "Internal", "{8D6BF7C9-D418-4302-9809-B086A2E971F5}"
	ProjectSection(SolutionItems) = preProject
		Internal\.editorconfig = Internal\.editorconfig
	EndProjectSection
EndProject
Project("{2150E333-8FDC-42A3-9474-1A3956D46DE8}") = "Scripts", "Scripts", "{D9C5D04A-1D9C-4B84-9E1D-8EB566DEC740}"
EndProject
Project("{2150E333-8FDC-42A3-9474-1A3956D46DE8}") = "Dlls", "Dlls", "{B328E8E2-BAAD-476A-813B-FDFD43BE7060}"
	ProjectSection(SolutionItems) = preProject
		Dlls\ABOUT.md = Dlls\ABOUT.md
	EndProjectSection
EndProject
Project("{2150E333-8FDC-42A3-9474-1A3956D46DE8}") = "CompanionFiles", "CompanionFiles", "{EC661679-0C86-4C18-A3E5-8DF5A2C0817D}"
EndProject
Project("{2150E333-8FDC-42A3-9474-1A3956D46DE8}") = "Skyline DataMiner", "Skyline DataMiner", "{2817A5FE-CC40-48DF-BF11-F5051CF53F80}"
	ProjectSection(SolutionItems) = preProject
		CompanionFiles\Skyline DataMiner\AboutThisFolder.md = CompanionFiles\Skyline DataMiner\AboutThisFolder.md
	EndProjectSection
EndProject
Project("{2150E333-8FDC-42A3-9474-1A3956D46DE8}") = "Documentation", "Documentation", "{A3463586-799B-4E90-BD32-0084B4A23BE4}"
	ProjectSection(SolutionItems) = preProject
		Documentation\ABOUT.md = Documentation\ABOUT.md
		README.md = README.md
	EndProjectSection
EndProject
Project("{2150E333-8FDC-42A3-9474-1A3956D46DE8}") = "Tests", "Tests", "{F8938D60-51A0-4880-9CFC-19C66379BB5D}"
EndProject
Project("{2150E333-8FDC-42A3-9474-1A3956D46DE8}") = "Code Analysis", "Code Analysis", "{1F8C0FC5-1FD8-4219-9757-9EF99FC87668}"
	ProjectSection(SolutionItems) = preProject
		Internal\Code Analysis\qaction-debug.ruleset = Internal\Code Analysis\qaction-debug.ruleset
		Internal\Code Analysis\qaction-release.ruleset = Internal\Code Analysis\qaction-release.ruleset
		Internal\Code Analysis\stylecop.json = Internal\Code Analysis\stylecop.json
	EndProjectSection
EndProject
Project("{2150E333-8FDC-42A3-9474-1A3956D46DE8}") = "slc-as-cma-empower-internal-session-test-script", "slc-as-cma-empower-internal-session-test-script", "{8A4289B9-3F7E-4B27-A033-B649A77F481C}"
	ProjectSection(SolutionItems) = preProject
		slc-as-cma-empower-internal-session-test-script.xml = slc-as-cma-empower-internal-session-test-script.xml
	EndProjectSection
EndProject
Project("{2150E333-8FDC-42A3-9474-1A3956D46DE8}") = "Actions", "Actions", "{6F43FB8A-034F-4EEA-947B-0D5FF51571C3}"
EndProject
Project("{9A19103F-16F7-4668-BE54-9A1E7A4F7556}") = "slc-as-cma-empower-internal-session-test-script_1", "slc-as-cma-empower-internal-session-test-script_1\slc-as-cma-empower-internal-session-test-script_1.csproj", "{7C17D9AB-0945-4FDA-8D7D-2AFF5E47FF68}"
EndProject
Global
	GlobalSection(SolutionConfigurationPlatforms) = preSolution
		Debug|Any CPU = Debug|Any CPU
		Release|Any CPU = Release|Any CPU
	EndGlobalSection
	GlobalSection(ProjectConfigurationPlatforms) = postSolution
		{7C17D9AB-0945-4FDA-8D7D-2AFF5E47FF68}.Debug|Any CPU.ActiveCfg = Debug|Any CPU
		{7C17D9AB-0945-4FDA-8D7D-2AFF5E47FF68}.Debug|Any CPU.Build.0 = Debug|Any CPU
		{7C17D9AB-0945-4FDA-8D7D-2AFF5E47FF68}.Release|Any CPU.ActiveCfg = Release|Any CPU
		{7C17D9AB-0945-4FDA-8D7D-2AFF5E47FF68}.Release|Any CPU.Build.0 = Release|Any CPU
	EndGlobalSection
	GlobalSection(SolutionProperties) = preSolution
		HideSolutionNode = FALSE
	EndGlobalSection
	GlobalSection(NestedProjects) = preSolution
		{2817A5FE-CC40-48DF-BF11-F5051CF53F80} = {EC661679-0C86-4C18-A3E5-8DF5A2C0817D}
		{1F8C0FC5-1FD8-4219-9757-9EF99FC87668} = {8D6BF7C9-D418-4302-9809-B086A2E971F5}
		{8A4289B9-3F7E-4B27-A033-B649A77F481C} = {D9C5D04A-1D9C-4B84-9E1D-8EB566DEC740}
		{6F43FB8A-034F-4EEA-947B-0D5FF51571C3} = {8A4289B9-3F7E-4B27-A033-B649A77F481C}
		{7C17D9AB-0945-4FDA-8D7D-2AFF5E47FF68} = {6F43FB8A-034F-4EEA-947B-0D5FF51571C3}
	EndGlobalSection
	GlobalSection(ExtensibilityGlobals) = postSolution
		SolutionGuid = {6DC0B6CB-46FE-4308-AE90-6D70CCB469DA}
	EndGlobalSection
EndGlobal
